
Microsoft Visual Studio Solution File, Format Version 12.00
# Visual Studio Version 16
VisualStudioVersion = 16.0.32106.194
MinimumVisualStudioVersion = 10.0.40219.1
Project("{FAE04EC0-301F-11D3-BF4B-00C04F79EFBC}") = "OES", "OES.csproj", "{880B54D3-78CF-4320-9D76-6463050256A5}"
EndProject
Project("{FAE04EC0-301F-11D3-BF4B-00C04F79EFBC}") = "DAL", "..\DAL\DAL.csproj", "{7A377BE0-2A1D-4D8A-A837-802EE701D447}"
EndProject
Project("{FAE04EC0-301F-11D3-BF4B-00C04F79EFBC}") = "BLL", "..\BLL\BLL.csproj", "{A78E77C5-F4FC-4B32-A151-C72E59E05C8C}"
EndProject
Global
	GlobalSection(SolutionConfigurationPlatforms) = preSolution
		Debug|Any CPU = Debug|Any CPU
		Release|Any CPU = Release|Any CPU
	EndGlobalSection
	GlobalSection(ProjectConfigurationPlatforms) = postSolution
		{880B54D3-78CF-4320-9D76-6463050256A5}.Debug|Any CPU.ActiveCfg = Debug|Any CPU
		{880B54D3-78CF-4320-9D76-6463050256A5}.Debug|Any CPU.Build.0 = Debug|Any CPU
		{880B54D3-78CF-4320-9D76-6463050256A5}.Release|Any CPU.ActiveCfg = Release|Any CPU
		{880B54D3-78CF-4320-9D76-6463050256A5}.Release|Any CPU.Build.0 = Release|Any CPU
		{7A377BE0-2A1D-4D8A-A837-802EE701D447}.Debug|Any CPU.ActiveCfg = Debug|Any CPU
		{7A377BE0-2A1D-4D8A-A837-802EE701D447}.Debug|Any CPU.Build.0 = Debug|Any CPU
		{7A377BE0-2A1D-4D8A-A837-802EE701D447}.Release|Any CPU.ActiveCfg = Release|Any CPU
		{7A377BE0-2A1D-4D8A-A837-802EE701D447}.Release|Any CPU.Build.0 = Release|Any CPU
		{A78E77C5-F4FC-4B32-A151-C72E59E05C8C}.Debug|Any CPU.ActiveCfg = Debug|Any CPU
		{A78E77C5-F4FC-4B32-A151-C72E59E05C8C}.Debug|Any CPU.Build.0 = Debug|Any CPU
		{A78E77C5-F4FC-4B32-A151-C72E59E05C8C}.Release|Any CPU.ActiveCfg = Release|Any CPU
		{A78E77C5-F4FC-4B32-A151-C72E59E05C8C}.Release|Any CPU.Build.0 = Release|Any CPU
	EndGlobalSection
	GlobalSection(SolutionProperties) = preSolution
		HideSolutionNode = FALSE
	EndGlobalSection
	GlobalSection(ExtensibilityGlobals) = postSolution
		SolutionGuid = {4015E08D-375B-400E-8F37-FB29AAB5AAEE}
	EndGlobalSection
EndGlobal
